
Microsoft Visual Studio Solution File, Format Version 12.00
# Visual Studio 15
VisualStudioVersion = 15.0.28307.489
MinimumVisualStudioVersion = 10.0.40219.1
Project("{FAE04EC0-301F-11D3-BF4B-00C04F79EFBC}") = "Task 1 POE 18000498", "Task 1 POE 18000498\Task 1 POE 18000498.csproj", "{74B34CE2-3C86-4BBE-9173-1B8C53E4F6C6}"
EndProject
Global
	GlobalSection(SolutionConfigurationPlatforms) = preSolution
		Debug|Any CPU = Debug|Any CPU
		Release|Any CPU = Release|Any CPU
	EndGlobalSection
	GlobalSection(ProjectConfigurationPlatforms) = postSolution
		{74B34CE2-3C86-4BBE-9173-1B8C53E4F6C6}.Debug|Any CPU.ActiveCfg = Debug|Any CPU
		{74B34CE2-3C86-4BBE-9173-1B8C53E4F6C6}.Debug|Any CPU.Build.0 = Debug|Any CPU
		{74B34CE2-3C86-4BBE-9173-1B8C53E4F6C6}.Release|Any CPU.ActiveCfg = Release|Any CPU
		{74B34CE2-3C86-4BBE-9173-1B8C53E4F6C6}.Release|Any CPU.Build.0 = Release|Any CPU
	EndGlobalSection
	GlobalSection(SolutionProperties) = preSolution
		HideSolutionNode = FALSE
	EndGlobalSection
	GlobalSection(ExtensibilityGlobals) = postSolution
		SolutionGuid = {7160B942-D33D-45E8-9B79-F4B3997A9733}
	EndGlobalSection
EndGlobal
